
Microsoft Visual Studio Solution File, Format Version 12.00
# Visual Studio Version 16
VisualStudioVersion = 16.0.32407.337
MinimumVisualStudioVersion = 10.0.40219.1
Project("{FAE04EC0-301F-11D3-BF4B-00C04F79EFBC}") = "homework_task_array", "homework_task_array\homework_task_array.csproj", "{F58C2AF8-A4D2-4990-B97A-2AF66A4A9554}"
EndProject
Global
	GlobalSection(SolutionConfigurationPlatforms) = preSolution
		Debug|Any CPU = Debug|Any CPU
		Release|Any CPU = Release|Any CPU
	EndGlobalSection
	GlobalSection(ProjectConfigurationPlatforms) = postSolution
		{F58C2AF8-A4D2-4990-B97A-2AF66A4A9554}.Debug|Any CPU.ActiveCfg = Debug|Any CPU
		{F58C2AF8-A4D2-4990-B97A-2AF66A4A9554}.Debug|Any CPU.Build.0 = Debug|Any CPU
		{F58C2AF8-A4D2-4990-B97A-2AF66A4A9554}.Release|Any CPU.ActiveCfg = Release|Any CPU
		{F58C2AF8-A4D2-4990-B97A-2AF66A4A9554}.Release|Any CPU.Build.0 = Release|Any CPU
	EndGlobalSection
	GlobalSection(SolutionProperties) = preSolution
		HideSolutionNode = FALSE
	EndGlobalSection
	GlobalSection(ExtensibilityGlobals) = postSolution
		SolutionGuid = {0D52882F-3D3B-4798-800B-850DAF09B833}
	EndGlobalSection
EndGlobal
