
Microsoft Visual Studio Solution File, Format Version 12.00
# Visual Studio Version 16
VisualStudioVersion = 16.0.32407.337
MinimumVisualStudioVersion = 10.0.40219.1
Project("{FAE04EC0-301F-11D3-BF4B-00C04F79EFBC}") = "task_7yebolunen", "task_7yebolunen\task_7yebolunen.csproj", "{ABE4D39D-8713-4723-B47B-4BE3082CC152}"
EndProject
Global
	GlobalSection(SolutionConfigurationPlatforms) = preSolution
		Debug|Any CPU = Debug|Any CPU
		Release|Any CPU = Release|Any CPU
	EndGlobalSection
	GlobalSection(ProjectConfigurationPlatforms) = postSolution
		{ABE4D39D-8713-4723-B47B-4BE3082CC152}.Debug|Any CPU.ActiveCfg = Debug|Any CPU
		{ABE4D39D-8713-4723-B47B-4BE3082CC152}.Debug|Any CPU.Build.0 = Debug|Any CPU
		{ABE4D39D-8713-4723-B47B-4BE3082CC152}.Release|Any CPU.ActiveCfg = Release|Any CPU
		{ABE4D39D-8713-4723-B47B-4BE3082CC152}.Release|Any CPU.Build.0 = Release|Any CPU
	EndGlobalSection
	GlobalSection(SolutionProperties) = preSolution
		HideSolutionNode = FALSE
	EndGlobalSection
	GlobalSection(ExtensibilityGlobals) = postSolution
		SolutionGuid = {3FD7BDDD-8A52-4412-8BF1-F9B2FB44970A}
	EndGlobalSection
EndGlobal
